<?xml version="1.0" encoding="utf-8"?>
<Project ToolsVersion="4.0" xmlns="http://schemas.microsoft.com/developer/msbuild/2003">
  <ItemGroup>
    <Filter Include="Source Files">
      <UniqueIdentifier>{4FC737F1-C7A5-4376-A066-2A32D752A2FF}</UniqueIdentifier>
      <Extensions>cpp;c;cc;cxx;def;odl;idl;hpj;bat;asm;asmx</Extensions>
    </Filter>
    <Filter Include="Header Files">
      <UniqueIdentifier>{93995380-89BD-4b04-88EB-625FBE52EBFB}</UniqueIdentifier>
      <Extensions>h;hpp;hxx;hm;inl;inc;xsd</Extensions>
    </Filter>
    <Filter Include="Resource Files">
      <UniqueIdentifier>{67DA6AB6-F800-4c08-8B7A-83BB121AAD01}</UniqueIdentifier>
      <Extensions>rc;ico;cur;bmp;dlg;rc2;rct;bin;rgs;gif;jpg;jpeg;jpe;resx;tiff;tif;png;wav;mfcribbon-ms</Extensions>
    </Filter>
    <Filter Include="Header Files\Objects">
      <UniqueIdentifier>{6f9437df-db50-4144-bbce-eb4722e700e9}</UniqueIdentifier>
    </Filter>
    <Filter Include="Source Files\Objects">
      <UniqueIdentifier>{8910e63d-675e-4257-8b69-76328b8ab8b4}</UniqueIdentifier>
    </Filter>
    <Filter Include="Header Files\Core">
      <UniqueIdentifier>{d465e1e2-7183-40c3-a9ee-682713aa5872}</UniqueIdentifier>
    </Filter>
    <Filter Include="Source Files\Core">
      <UniqueIdentifier>{077cdc1a-2ff8-4085-8bb5-db9b253b5e02}</UniqueIdentifier>
    </Filter>
  </ItemGroup>
  <ItemGroup>
    <ClCompile Include="Unit.cpp">
      <Filter>Source Files\Objects</Filter>
    </ClCompile>
    <ClCompile Include="Player.cpp">
      <Filter>Source Files\Objects</Filter>
    </ClCompile>
    <ClCompile Include="WorldObject.cpp">
      <Filter>Source Files\Objects</Filter>
    </ClCompile>
    <ClCompile Include="AnimationBlender.cpp">
      <Filter>Source Files\Core</Filter>
    </ClCompile>
    <ClCompile Include="CEGUIMain.cpp">
      <Filter>Source Files\Core</Filter>
    </ClCompile>
    <ClCompile Include="FreeCamOISListener.cpp">
      <Filter>Source Files\Core</Filter>
    </ClCompile>
    <ClCompile Include="GameEngine.cpp">
      <Filter>Source Files\Core</Filter>
    </ClCompile>
    <ClCompile Include="main.cpp">
      <Filter>Source Files\Core</Filter>
    </ClCompile>
    <ClCompile Include="MainListener.cpp">
      <Filter>Source Files\Core</Filter>
    </ClCompile>
    <ClCompile Include="NxOgreMain.cpp">
      <Filter>Source Files\Core</Filter>
    </ClCompile>
    <ClCompile Include="OISFramelistener.cpp">
      <Filter>Source Files\Core</Filter>
    </ClCompile>
    <ClCompile Include="OISMain.cpp">
      <Filter>Source Files\Core</Filter>
    </ClCompile>
    <ClCompile Include="PhysicListener.cpp">
      <Filter>Source Files\Core</Filter>
    </ClCompile>
    <ClCompile Include="precompiled.cpp">
      <Filter>Source Files\Core</Filter>
    </ClCompile>
  </ItemGroup>
  <ItemGroup>
    <ClInclude Include="Unit.h">
      <Filter>Header Files\Objects</Filter>
    </ClInclude>
    <ClInclude Include="Player.h">
      <Filter>Header Files\Objects</Filter>
    </ClInclude>
    <ClInclude Include="WorldObject.h">
      <Filter>Header Files\Objects</Filter>
    </ClInclude>
    <ClInclude Include="AnimationBlender.h">
      <Filter>Header Files\Core</Filter>
    </ClInclude>
    <ClInclude Include="CEGUIMain.h">
      <Filter>Header Files\Core</Filter>
    </ClInclude>
    <ClInclude Include="FreeCamOISListener.h">
      <Filter>Header Files\Core</Filter>
    </ClInclude>
    <ClInclude Include="GameEngine.h">
      <Filter>Header Files\Core</Filter>
    </ClInclude>
    <ClInclude Include="MainListener.h">
      <Filter>Header Files\Core</Filter>
    </ClInclude>
    <ClInclude Include="NxOgreMain.h">
      <Filter>Header Files\Core</Filter>
    </ClInclude>
    <ClInclude Include="OISFramelistener.h">
      <Filter>Header Files\Core</Filter>
    </ClInclude>
    <ClInclude Include="OISMain.h">
      <Filter>Header Files\Core</Filter>
    </ClInclude>
    <ClInclude Include="PhysicListener.h">
      <Filter>Header Files\Core</Filter>
    </ClInclude>
    <ClInclude Include="precompiled.h">
      <Filter>Header Files\Core</Filter>
    </ClInclude>
  </ItemGroup>
</Project>